<Solution>
  <Configurations>
    <Platform Name="Any CPU" />
    <Platform Name="x64" />
    <Platform Name="x86" />
  </Configurations>
  <Folder Name="/C#/">
    <Project Path="FirstConsoleApp/FirstConsoleApp.csproj" />
  </Folder>
  <Folder Name="/C++/" />
  <Folder Name="/C++/Strukturalne/" />
  <Folder Name="/C++/Strukturalne/01. Basics/">
    <Project Path="../../../Users/Uczen.LAPTOP-26CG11IL/Downloads/klasa-3B-2026-2027-main/klasa-3B-2026-2027-main/Programowanie/C++/Strukturalne/01. Basics/BasicsConsoleApplication/BasicsConsoleApplication.vcxproj" Id="9ad43af2-e908-46d9-b58b-d8b6ac2af849" />
  </Folder>
  <Folder Name="/C++/Strukturalne/02. Variables/">
    <Project Path="../../../Users/Uczen.LAPTOP-26CG11IL/Downloads/klasa-3B-2026-2027-main/klasa-3B-2026-2027-main/Programowanie/C++/Strukturalne/02. Variable/VariableConsoleApplication/VariableConsoleApplication.vcxproj" Id="9f84b075-bc7c-48bf-822f-8dfe85e62e96" />
  </Folder>
  <Folder Name="/C++/Strukturalne/03. Decision instructions/" />
  <Folder Name="/C++/Strukturalne/03. Decision instructions/01. Instruction if/">
    <Project Path="../../../Users/Uczen.LAPTOP-26CG11IL/Downloads/klasa-3B-2026-2027-main/klasa-3B-2026-2027-main/Programowanie/C++/Strukturalne/03. Decision instructions/01. Instruction If/InstructionIfConsoleApplication/InstructionIfConsoleApplication.vcxproj" Id="3d7ed592-b2ff-4aa1-b738-c2cac315da14" />
  </Folder>
  <Folder Name="/C++/Strukturalne/03. Decision instructions/02. Loop DoWhile/">
    <Project Path="../../../Users/Uczen.LAPTOP-26CG11IL/Downloads/klasa-3B-2026-2027-main/klasa-3B-2026-2027-main/Programowanie/C++/Strukturalne/03. Decision instructions/02. Loop DoWhile/LoopDoWhileConsoleApplication/LoopDoWhileConsoleApplication.vcxproj" Id="3d6894d8-a674-46e6-aa09-055296aabd9b" />
  </Folder>
  <Folder Name="/C++/Strukturalne/03. Decision instructions/03. Loop While/">
    <Project Path="../../../Users/Uczen.LAPTOP-26CG11IL/Downloads/klasa-3B-2026-2027-main/klasa-3B-2026-2027-main/Programowanie/C++/Strukturalne/03. Decision instructions/03. Loop While/LoopWhileConsoleApplication/LoopWhileConsoleApplication.vcxproj" Id="b82a4bd7-990c-4561-91dc-7a407b778409" />
  </Folder>
</Solution>
